
Microsoft Visual Studio Solution File, Format Version 12.00
# Visual Studio Version 17
VisualStudioVersion = 17.14.36429.23 d17.14
MinimumVisualStudioVersion = 10.0.40219.1
Project("{FAE04EC0-301F-11D3-BF4B-00C04F79EFBC}") = "WardOneZero-Laboratory", "WardOneZero-Laboratory\WardOneZero-Laboratory\WardOneZero-Laboratory.csproj", "{812017F7-1673-4037-AB3B-1020A11C1785}"
EndProject
Project("{FAE04EC0-301F-11D3-BF4B-00C04F79EFBC}") = "WardOneZero-Laboratory.Client", "WardOneZero-Laboratory\WardOneZero-Laboratory.Client\WardOneZero-Laboratory.Client.csproj", "{B247B340-3745-46FA-BD35-1248DA8AC580}"
EndProject
Global
	GlobalSection(SolutionConfigurationPlatforms) = preSolution
		Debug|Any CPU = Debug|Any CPU
		Release|Any CPU = Release|Any CPU
	EndGlobalSection
	GlobalSection(ProjectConfigurationPlatforms) = postSolution
		{812017F7-1673-4037-AB3B-1020A11C1785}.Debug|Any CPU.ActiveCfg = Debug|Any CPU
		{812017F7-1673-4037-AB3B-1020A11C1785}.Debug|Any CPU.Build.0 = Debug|Any CPU
		{812017F7-1673-4037-AB3B-1020A11C1785}.Release|Any CPU.ActiveCfg = Release|Any CPU
		{812017F7-1673-4037-AB3B-1020A11C1785}.Release|Any CPU.Build.0 = Release|Any CPU
		{B247B340-3745-46FA-BD35-1248DA8AC580}.Debug|Any CPU.ActiveCfg = Debug|Any CPU
		{B247B340-3745-46FA-BD35-1248DA8AC580}.Debug|Any CPU.Build.0 = Debug|Any CPU
		{B247B340-3745-46FA-BD35-1248DA8AC580}.Release|Any CPU.ActiveCfg = Release|Any CPU
		{B247B340-3745-46FA-BD35-1248DA8AC580}.Release|Any CPU.Build.0 = Release|Any CPU
	EndGlobalSection
	GlobalSection(SolutionProperties) = preSolution
		HideSolutionNode = FALSE
	EndGlobalSection
	GlobalSection(ExtensibilityGlobals) = postSolution
		SolutionGuid = {84359086-0B1E-4FB2-BEBC-69E81D1D1B7B}
	EndGlobalSection
EndGlobal
